
Microsoft Visual Studio Solution File, Format Version 12.00
# Visual Studio Version 17
VisualStudioVersion = 17.7.34202.233
MinimumVisualStudioVersion = 10.0.40219.1
Project("{9A19103F-16F7-4668-BE54-9A1E7A4F7556}") = "AutoCorrectorEngine", "AutoCorrector\AutoCorrectorEngine.csproj", "{76785D3D-8E42-4167-B0E1-63A341DF3329}"
EndProject
Project("{8BC9CEB8-8B4A-11D0-8D11-00A0C91BC942}") = "AutoCorrectorLib", "AutoCorrectorLib\AutoCorrectorLib.vcxproj", "{765A6F57-AA19-4C5C-9639-2369A72CF189}"
EndProject
Project("{8BC9CEB8-8B4A-11D0-8D11-00A0C91BC942}") = "AutoCorrectorLibWrapper", "AutoCorrectorLibWrapper\AutoCorrectorLibWrapper.vcxproj", "{3651A686-09E1-4378-ACD2-76860A097A8F}"
EndProject
Global
	GlobalSection(SolutionConfigurationPlatforms) = preSolution
		Debug|Any CPU = Debug|Any CPU
		Debug|x64 = Debug|x64
		Debug|x86 = Debug|x86
		MinSizeRel|Any CPU = MinSizeRel|Any CPU
		MinSizeRel|x64 = MinSizeRel|x64
		MinSizeRel|x86 = MinSizeRel|x86
		Release|Any CPU = Release|Any CPU
		Release|x64 = Release|x64
		Release|x86 = Release|x86
		RelWithDebInfo|Any CPU = RelWithDebInfo|Any CPU
		RelWithDebInfo|x64 = RelWithDebInfo|x64
		RelWithDebInfo|x86 = RelWithDebInfo|x86
	EndGlobalSection
	GlobalSection(ProjectConfigurationPlatforms) = postSolution
		{76785D3D-8E42-4167-B0E1-63A341DF3329}.Debug|Any CPU.ActiveCfg = Debug|Any CPU
		{76785D3D-8E42-4167-B0E1-63A341DF3329}.Debug|Any CPU.Build.0 = Debug|Any CPU
		{76785D3D-8E42-4167-B0E1-63A341DF3329}.Debug|x64.ActiveCfg = Debug|Any CPU
		{76785D3D-8E42-4167-B0E1-63A341DF3329}.Debug|x64.Build.0 = Debug|Any CPU
		{76785D3D-8E42-4167-B0E1-63A341DF3329}.Debug|x86.ActiveCfg = Debug|Any CPU
		{76785D3D-8E42-4167-B0E1-63A341DF3329}.Debug|x86.Build.0 = Debug|Any CPU
		{76785D3D-8E42-4167-B0E1-63A341DF3329}.MinSizeRel|Any CPU.ActiveCfg = Release|Any CPU
		{76785D3D-8E42-4167-B0E1-63A341DF3329}.MinSizeRel|Any CPU.Build.0 = Release|Any CPU
		{76785D3D-8E42-4167-B0E1-63A341DF3329}.MinSizeRel|x64.ActiveCfg = Release|Any CPU
		{76785D3D-8E42-4167-B0E1-63A341DF3329}.MinSizeRel|x64.Build.0 = Release|Any CPU
		{76785D3D-8E42-4167-B0E1-63A341DF3329}.MinSizeRel|x86.ActiveCfg = Release|Any CPU
		{76785D3D-8E42-4167-B0E1-63A341DF3329}.MinSizeRel|x86.Build.0 = Release|Any CPU
		{76785D3D-8E42-4167-B0E1-63A341DF3329}.Release|Any CPU.ActiveCfg = Release|Any CPU
		{76785D3D-8E42-4167-B0E1-63A341DF3329}.Release|Any CPU.Build.0 = Release|Any CPU
		{76785D3D-8E42-4167-B0E1-63A341DF3329}.Release|x64.ActiveCfg = Release|Any CPU
		{76785D3D-8E42-4167-B0E1-63A341DF3329}.Release|x64.Build.0 = Release|Any CPU
		{76785D3D-8E42-4167-B0E1-63A341DF3329}.Release|x86.ActiveCfg = Release|Any CPU
		{76785D3D-8E42-4167-B0E1-63A341DF3329}.Release|x86.Build.0 = Release|Any CPU
		{76785D3D-8E42-4167-B0E1-63A341DF3329}.RelWithDebInfo|Any CPU.ActiveCfg = Release|Any CPU
		{76785D3D-8E42-4167-B0E1-63A341DF3329}.RelWithDebInfo|Any CPU.Build.0 = Release|Any CPU
		{76785D3D-8E42-4167-B0E1-63A341DF3329}.RelWithDebInfo|x64.ActiveCfg = Release|Any CPU
		{76785D3D-8E42-4167-B0E1-63A341DF3329}.RelWithDebInfo|x64.Build.0 = Release|Any CPU
		{76785D3D-8E42-4167-B0E1-63A341DF3329}.RelWithDebInfo|x86.ActiveCfg = Release|Any CPU
		{76785D3D-8E42-4167-B0E1-63A341DF3329}.RelWithDebInfo|x86.Build.0 = Release|Any CPU
		{765A6F57-AA19-4C5C-9639-2369A72CF189}.Debug|Any CPU.ActiveCfg = Debug|x64
		{765A6F57-AA19-4C5C-9639-2369A72CF189}.Debug|Any CPU.Build.0 = Debug|x64
		{765A6F57-AA19-4C5C-9639-2369A72CF189}.Debug|x64.ActiveCfg = Debug|x64
		{765A6F57-AA19-4C5C-9639-2369A72CF189}.Debug|x64.Build.0 = Debug|x64
		{765A6F57-AA19-4C5C-9639-2369A72CF189}.Debug|x86.ActiveCfg = Debug|Win32
		{765A6F57-AA19-4C5C-9639-2369A72CF189}.Debug|x86.Build.0 = Debug|Win32
		{765A6F57-AA19-4C5C-9639-2369A72CF189}.MinSizeRel|Any CPU.ActiveCfg = Debug|x64
		{765A6F57-AA19-4C5C-9639-2369A72CF189}.MinSizeRel|Any CPU.Build.0 = Debug|x64
		{765A6F57-AA19-4C5C-9639-2369A72CF189}.MinSizeRel|x64.ActiveCfg = Debug|x64
		{765A6F57-AA19-4C5C-9639-2369A72CF189}.MinSizeRel|x64.Build.0 = Debug|x64
		{765A6F57-AA19-4C5C-9639-2369A72CF189}.MinSizeRel|x86.ActiveCfg = Debug|Win32
		{765A6F57-AA19-4C5C-9639-2369A72CF189}.MinSizeRel|x86.Build.0 = Debug|Win32
		{765A6F57-AA19-4C5C-9639-2369A72CF189}.Release|Any CPU.ActiveCfg = Release|x64
		{765A6F57-AA19-4C5C-9639-2369A72CF189}.Release|Any CPU.Build.0 = Release|x64
		{765A6F57-AA19-4C5C-9639-2369A72CF189}.Release|x64.ActiveCfg = Release|x64
		{765A6F57-AA19-4C5C-9639-2369A72CF189}.Release|x64.Build.0 = Release|x64
		{765A6F57-AA19-4C5C-9639-2369A72CF189}.Release|x86.ActiveCfg = Release|Win32
		{765A6F57-AA19-4C5C-9639-2369A72CF189}.Release|x86.Build.0 = Release|Win32
		{765A6F57-AA19-4C5C-9639-2369A72CF189}.RelWithDebInfo|Any CPU.ActiveCfg = Release|x64
		{765A6F57-AA19-4C5C-9639-2369A72CF189}.RelWithDebInfo|Any CPU.Build.0 = Release|x64
		{765A6F57-AA19-4C5C-9639-2369A72CF189}.RelWithDebInfo|x64.ActiveCfg = Release|x64
		{765A6F57-AA19-4C5C-9639-2369A72CF189}.RelWithDebInfo|x64.Build.0 = Release|x64
		{765A6F57-AA19-4C5C-9639-2369A72CF189}.RelWithDebInfo|x86.ActiveCfg = Release|Win32
		{765A6F57-AA19-4C5C-9639-2369A72CF189}.RelWithDebInfo|x86.Build.0 = Release|Win32
		{3651A686-09E1-4378-ACD2-76860A097A8F}.Debug|Any CPU.ActiveCfg = Debug|x64
		{3651A686-09E1-4378-ACD2-76860A097A8F}.Debug|Any CPU.Build.0 = Debug|x64
		{3651A686-09E1-4378-ACD2-76860A097A8F}.Debug|x64.ActiveCfg = Debug|x64
		{3651A686-09E1-4378-ACD2-76860A097A8F}.Debug|x64.Build.0 = Debug|x64
		{3651A686-09E1-4378-ACD2-76860A097A8F}.Debug|x86.ActiveCfg = Debug|Win32
		{3651A686-09E1-4378-ACD2-76860A097A8F}.Debug|x86.Build.0 = Debug|Win32
		{3651A686-09E1-4378-ACD2-76860A097A8F}.MinSizeRel|Any CPU.ActiveCfg = Debug|x64
		{3651A686-09E1-4378-ACD2-76860A097A8F}.MinSizeRel|Any CPU.Build.0 = Debug|x64
		{3651A686-09E1-4378-ACD2-76860A097A8F}.MinSizeRel|x64.ActiveCfg = Debug|x64
		{3651A686-09E1-4378-ACD2-76860A097A8F}.MinSizeRel|x64.Build.0 = Debug|x64
		{3651A686-09E1-4378-ACD2-76860A097A8F}.MinSizeRel|x86.ActiveCfg = Debug|Win32
		{3651A686-09E1-4378-ACD2-76860A097A8F}.MinSizeRel|x86.Build.0 = Debug|Win32
		{3651A686-09E1-4378-ACD2-76860A097A8F}.Release|Any CPU.ActiveCfg = Release|x64
		{3651A686-09E1-4378-ACD2-76860A097A8F}.Release|Any CPU.Build.0 = Release|x64
		{3651A686-09E1-4378-ACD2-76860A097A8F}.Release|x64.ActiveCfg = Release|x64
		{3651A686-09E1-4378-ACD2-76860A097A8F}.Release|x64.Build.0 = Release|x64
		{3651A686-09E1-4378-ACD2-76860A097A8F}.Release|x86.ActiveCfg = Release|Win32
		{3651A686-09E1-4378-ACD2-76860A097A8F}.Release|x86.Build.0 = Release|Win32
		{3651A686-09E1-4378-ACD2-76860A097A8F}.RelWithDebInfo|Any CPU.ActiveCfg = Release|x64
		{3651A686-09E1-4378-ACD2-76860A097A8F}.RelWithDebInfo|Any CPU.Build.0 = Release|x64
		{3651A686-09E1-4378-ACD2-76860A097A8F}.RelWithDebInfo|x64.ActiveCfg = Release|x64
		{3651A686-09E1-4378-ACD2-76860A097A8F}.RelWithDebInfo|x64.Build.0 = Release|x64
		{3651A686-09E1-4378-ACD2-76860A097A8F}.RelWithDebInfo|x86.ActiveCfg = Release|Win32
		{3651A686-09E1-4378-ACD2-76860A097A8F}.RelWithDebInfo|x86.Build.0 = Release|Win32
	EndGlobalSection
	GlobalSection(SolutionProperties) = preSolution
		HideSolutionNode = FALSE
	EndGlobalSection
	GlobalSection(ExtensibilityGlobals) = postSolution
		SolutionGuid = {744FE56E-48D6-4260-83C0-214F8BFC350B}
	EndGlobalSection
EndGlobal
